
Microsoft Visual Studio Solution File, Format Version 12.00
# Visual Studio Version 17
VisualStudioVersion = 17.11.35312.102
MinimumVisualStudioVersion = 10.0.40219.1
Project("{888888A0-9F3D-457C-B088-3A5042F75D52}") = "Weather API", "Weather API\Weather API.pyproj", "{AE4E3058-EA64-4368-8F7B-5FB48F663699}"
EndProject
Global
	GlobalSection(SolutionConfigurationPlatforms) = preSolution
		Debug|Any CPU = Debug|Any CPU
		Release|Any CPU = Release|Any CPU
	EndGlobalSection
	GlobalSection(ProjectConfigurationPlatforms) = postSolution
		{AE4E3058-EA64-4368-8F7B-5FB48F663699}.Debug|Any CPU.ActiveCfg = Debug|Any CPU
		{AE4E3058-EA64-4368-8F7B-5FB48F663699}.Release|Any CPU.ActiveCfg = Release|Any CPU
	EndGlobalSection
	GlobalSection(SolutionProperties) = preSolution
		HideSolutionNode = FALSE
	EndGlobalSection
	GlobalSection(ExtensibilityGlobals) = postSolution
		SolutionGuid = {D87C3801-E384-4E3D-9BCD-E5D9916C1C8F}
	EndGlobalSection
EndGlobal
